
Microsoft Visual Studio Solution File, Format Version 12.00
# Visual Studio Version 17
VisualStudioVersion = 17.0.31903.59
MinimumVisualStudioVersion = 10.0.40219.1
Project("{2150E333-8FDC-42A3-9474-1A3956D46DE8}") = "src", "src", "{827E0CD3-B72D-47B6-A68D-7590B98EB39B}"
EndProject
Project("{FAE04EC0-301F-11D3-BF4B-00C04F79EFBC}") = "GameNest.Domain", "src\GameNest.Domain\GameNest.Domain.csproj", "{3296FA13-F6AA-4071-A3C8-DD0D87403008}"
EndProject
Project("{FAE04EC0-301F-11D3-BF4B-00C04F79EFBC}") = "GameNest.Application", "src\GameNest.Application\GameNest.Application.csproj", "{D29FF42E-F4DA-40BB-A8CC-1133285ADA5E}"
EndProject
Project("{FAE04EC0-301F-11D3-BF4B-00C04F79EFBC}") = "GameNest.Infrastructure", "src\GameNest.Infrastructure\GameNest.Infrastructure.csproj", "{9001E28B-CBA8-4512-9669-C6A82DC50C1E}"
EndProject
Project("{FAE04EC0-301F-11D3-BF4B-00C04F79EFBC}") = "GameNest.Telemetry", "src\GameNest.Telemetry\GameNest.Telemetry.csproj", "{1EBBE535-D508-461D-ACBF-0575076D1334}"
EndProject
Project("{FAE04EC0-301F-11D3-BF4B-00C04F79EFBC}") = "GameNest.Overlay", "src\GameNest.Overlay\GameNest.Overlay.csproj", "{06F7CDEC-3DDB-445E-BA2F-C24DC5F6EE3F}"
EndProject
Project("{FAE04EC0-301F-11D3-BF4B-00C04F79EFBC}") = "GameNest.App", "src\GameNest.App\GameNest.App.csproj", "{767AE31B-3EBF-4AAC-8D01-8958E2280B20}"
EndProject
Project("{2150E333-8FDC-42A3-9474-1A3956D46DE8}") = "tests", "tests", "{0AB3BF05-4346-4AA6-1389-037BE0695223}"
EndProject
Project("{FAE04EC0-301F-11D3-BF4B-00C04F79EFBC}") = "GameNest.Domain.Tests", "tests\GameNest.Domain.Tests\GameNest.Domain.Tests.csproj", "{F8AA9B0F-5475-4A67-8C52-CFCB3DABAFBD}"
EndProject
Project("{FAE04EC0-301F-11D3-BF4B-00C04F79EFBC}") = "GameNest.Application.Tests", "tests\GameNest.Application.Tests\GameNest.Application.Tests.csproj", "{C8AB46AF-0AE3-431E-982B-158D4832BB67}"
EndProject
Project("{FAE04EC0-301F-11D3-BF4B-00C04F79EFBC}") = "GameNest.Infrastructure.Tests", "tests\GameNest.Infrastructure.Tests\GameNest.Infrastructure.Tests.csproj", "{E4DFBAE2-762E-46C3-87DB-BDB361BCE0C0}"
EndProject
Project("{FAE04EC0-301F-11D3-BF4B-00C04F79EFBC}") = "GameNest.Telemetry.Tests", "tests\GameNest.Telemetry.Tests\GameNest.Telemetry.Tests.csproj", "{EC3C7BDA-06D5-415C-BD71-5EE15A137F50}"
EndProject
Project("{FAE04EC0-301F-11D3-BF4B-00C04F79EFBC}") = "GameNest.Phase4Harness", "tests\GameNest.Phase4Harness\GameNest.Phase4Harness.csproj", "{607CC872-E313-48DF-A320-18D6D5279768}"
EndProject
Global
	GlobalSection(SolutionConfigurationPlatforms) = preSolution
		Debug|Any CPU = Debug|Any CPU
		Debug|x64 = Debug|x64
		Debug|x86 = Debug|x86
		Release|Any CPU = Release|Any CPU
		Release|x64 = Release|x64
		Release|x86 = Release|x86
	EndGlobalSection
	GlobalSection(ProjectConfigurationPlatforms) = postSolution
		{3296FA13-F6AA-4071-A3C8-DD0D87403008}.Debug|Any CPU.ActiveCfg = Debug|Any CPU
		{3296FA13-F6AA-4071-A3C8-DD0D87403008}.Debug|Any CPU.Build.0 = Debug|Any CPU
		{3296FA13-F6AA-4071-A3C8-DD0D87403008}.Debug|x64.ActiveCfg = Debug|Any CPU
		{3296FA13-F6AA-4071-A3C8-DD0D87403008}.Debug|x64.Build.0 = Debug|Any CPU
		{3296FA13-F6AA-4071-A3C8-DD0D87403008}.Debug|x86.ActiveCfg = Debug|Any CPU
		{3296FA13-F6AA-4071-A3C8-DD0D87403008}.Debug|x86.Build.0 = Debug|Any CPU
		{3296FA13-F6AA-4071-A3C8-DD0D87403008}.Release|Any CPU.ActiveCfg = Release|Any CPU
		{3296FA13-F6AA-4071-A3C8-DD0D87403008}.Release|Any CPU.Build.0 = Release|Any CPU
		{3296FA13-F6AA-4071-A3C8-DD0D87403008}.Release|x64.ActiveCfg = Release|Any CPU
		{3296FA13-F6AA-4071-A3C8-DD0D87403008}.Release|x64.Build.0 = Release|Any CPU
		{3296FA13-F6AA-4071-A3C8-DD0D87403008}.Release|x86.ActiveCfg = Release|Any CPU
		{3296FA13-F6AA-4071-A3C8-DD0D87403008}.Release|x86.Build.0 = Release|Any CPU
		{D29FF42E-F4DA-40BB-A8CC-1133285ADA5E}.Debug|Any CPU.ActiveCfg = Debug|Any CPU
		{D29FF42E-F4DA-40BB-A8CC-1133285ADA5E}.Debug|Any CPU.Build.0 = Debug|Any CPU
		{D29FF42E-F4DA-40BB-A8CC-1133285ADA5E}.Debug|x64.ActiveCfg = Debug|Any CPU
		{D29FF42E-F4DA-40BB-A8CC-1133285ADA5E}.Debug|x64.Build.0 = Debug|Any CPU
		{D29FF42E-F4DA-40BB-A8CC-1133285ADA5E}.Debug|x86.ActiveCfg = Debug|Any CPU
		{D29FF42E-F4DA-40BB-A8CC-1133285ADA5E}.Debug|x86.Build.0 = Debug|Any CPU
		{D29FF42E-F4DA-40BB-A8CC-1133285ADA5E}.Release|Any CPU.ActiveCfg = Release|Any CPU
		{D29FF42E-F4DA-40BB-A8CC-1133285ADA5E}.Release|Any CPU.Build.0 = Release|Any CPU
		{D29FF42E-F4DA-40BB-A8CC-1133285ADA5E}.Release|x64.ActiveCfg = Release|Any CPU
		{D29FF42E-F4DA-40BB-A8CC-1133285ADA5E}.Release|x64.Build.0 = Release|Any CPU
		{D29FF42E-F4DA-40BB-A8CC-1133285ADA5E}.Release|x86.ActiveCfg = Release|Any CPU
		{D29FF42E-F4DA-40BB-A8CC-1133285ADA5E}.Release|x86.Build.0 = Release|Any CPU
		{9001E28B-CBA8-4512-9669-C6A82DC50C1E}.Debug|Any CPU.ActiveCfg = Debug|Any CPU
		{9001E28B-CBA8-4512-9669-C6A82DC50C1E}.Debug|Any CPU.Build.0 = Debug|Any CPU
		{9001E28B-CBA8-4512-9669-C6A82DC50C1E}.Debug|x64.ActiveCfg = Debug|Any CPU
		{9001E28B-CBA8-4512-9669-C6A82DC50C1E}.Debug|x64.Build.0 = Debug|Any CPU
		{9001E28B-CBA8-4512-9669-C6A82DC50C1E}.Debug|x86.ActiveCfg = Debug|Any CPU
		{9001E28B-CBA8-4512-9669-C6A82DC50C1E}.Debug|x86.Build.0 = Debug|Any CPU
		{9001E28B-CBA8-4512-9669-C6A82DC50C1E}.Release|Any CPU.ActiveCfg = Release|Any CPU
		{9001E28B-CBA8-4512-9669-C6A82DC50C1E}.Release|Any CPU.Build.0 = Release|Any CPU
		{9001E28B-CBA8-4512-9669-C6A82DC50C1E}.Release|x64.ActiveCfg = Release|Any CPU
		{9001E28B-CBA8-4512-9669-C6A82DC50C1E}.Release|x64.Build.0 = Release|Any CPU
		{9001E28B-CBA8-4512-9669-C6A82DC50C1E}.Release|x86.ActiveCfg = Release|Any CPU
		{9001E28B-CBA8-4512-9669-C6A82DC50C1E}.Release|x86.Build.0 = Release|Any CPU
		{1EBBE535-D508-461D-ACBF-0575076D1334}.Debug|Any CPU.ActiveCfg = Debug|Any CPU
		{1EBBE535-D508-461D-ACBF-0575076D1334}.Debug|Any CPU.Build.0 = Debug|Any CPU
		{1EBBE535-D508-461D-ACBF-0575076D1334}.Debug|x64.ActiveCfg = Debug|Any CPU
		{1EBBE535-D508-461D-ACBF-0575076D1334}.Debug|x64.Build.0 = Debug|Any CPU
		{1EBBE535-D508-461D-ACBF-0575076D1334}.Debug|x86.ActiveCfg = Debug|Any CPU
		{1EBBE535-D508-461D-ACBF-0575076D1334}.Debug|x86.Build.0 = Debug|Any CPU
		{1EBBE535-D508-461D-ACBF-0575076D1334}.Release|Any CPU.ActiveCfg = Release|Any CPU
		{1EBBE535-D508-461D-ACBF-0575076D1334}.Release|Any CPU.Build.0 = Release|Any CPU
		{1EBBE535-D508-461D-ACBF-0575076D1334}.Release|x64.ActiveCfg = Release|Any CPU
		{1EBBE535-D508-461D-ACBF-0575076D1334}.Release|x64.Build.0 = Release|Any CPU
		{1EBBE535-D508-461D-ACBF-0575076D1334}.Release|x86.ActiveCfg = Release|Any CPU
		{1EBBE535-D508-461D-ACBF-0575076D1334}.Release|x86.Build.0 = Release|Any CPU
		{06F7CDEC-3DDB-445E-BA2F-C24DC5F6EE3F}.Debug|Any CPU.ActiveCfg = Debug|Any CPU
		{06F7CDEC-3DDB-445E-BA2F-C24DC5F6EE3F}.Debug|Any CPU.Build.0 = Debug|Any CPU
		{06F7CDEC-3DDB-445E-BA2F-C24DC5F6EE3F}.Debug|x64.ActiveCfg = Debug|Any CPU
		{06F7CDEC-3DDB-445E-BA2F-C24DC5F6EE3F}.Debug|x64.Build.0 = Debug|Any CPU
		{06F7CDEC-3DDB-445E-BA2F-C24DC5F6EE3F}.Debug|x86.ActiveCfg = Debug|Any CPU
		{06F7CDEC-3DDB-445E-BA2F-C24DC5F6EE3F}.Debug|x86.Build.0 = Debug|Any CPU
		{06F7CDEC-3DDB-445E-BA2F-C24DC5F6EE3F}.Release|Any CPU.ActiveCfg = Release|Any CPU
		{06F7CDEC-3DDB-445E-BA2F-C24DC5F6EE3F}.Release|Any CPU.Build.0 = Release|Any CPU
		{06F7CDEC-3DDB-445E-BA2F-C24DC5F6EE3F}.Release|x64.ActiveCfg = Release|Any CPU
		{06F7CDEC-3DDB-445E-BA2F-C24DC5F6EE3F}.Release|x64.Build.0 = Release|Any CPU
		{06F7CDEC-3DDB-445E-BA2F-C24DC5F6EE3F}.Release|x86.ActiveCfg = Release|Any CPU
		{06F7CDEC-3DDB-445E-BA2F-C24DC5F6EE3F}.Release|x86.Build.0 = Release|Any CPU
		{767AE31B-3EBF-4AAC-8D01-8958E2280B20}.Debug|Any CPU.ActiveCfg = Debug|Any CPU
		{767AE31B-3EBF-4AAC-8D01-8958E2280B20}.Debug|Any CPU.Build.0 = Debug|Any CPU
		{767AE31B-3EBF-4AAC-8D01-8958E2280B20}.Debug|x64.ActiveCfg = Debug|Any CPU
		{767AE31B-3EBF-4AAC-8D01-8958E2280B20}.Debug|x64.Build.0 = Debug|Any CPU
		{767AE31B-3EBF-4AAC-8D01-8958E2280B20}.Debug|x86.ActiveCfg = Debug|Any CPU
		{767AE31B-3EBF-4AAC-8D01-8958E2280B20}.Debug|x86.Build.0 = Debug|Any CPU
		{767AE31B-3EBF-4AAC-8D01-8958E2280B20}.Release|Any CPU.ActiveCfg = Release|Any CPU
		{767AE31B-3EBF-4AAC-8D01-8958E2280B20}.Release|Any CPU.Build.0 = Release|Any CPU
		{767AE31B-3EBF-4AAC-8D01-8958E2280B20}.Release|x64.ActiveCfg = Release|Any CPU
		{767AE31B-3EBF-4AAC-8D01-8958E2280B20}.Release|x64.Build.0 = Release|Any CPU
		{767AE31B-3EBF-4AAC-8D01-8958E2280B20}.Release|x86.ActiveCfg = Release|Any CPU
		{767AE31B-3EBF-4AAC-8D01-8958E2280B20}.Release|x86.Build.0 = Release|Any CPU
		{F8AA9B0F-5475-4A67-8C52-CFCB3DABAFBD}.Debug|Any CPU.ActiveCfg = Debug|Any CPU
		{F8AA9B0F-5475-4A67-8C52-CFCB3DABAFBD}.Debug|Any CPU.Build.0 = Debug|Any CPU
		{F8AA9B0F-5475-4A67-8C52-CFCB3DABAFBD}.Debug|x64.ActiveCfg = Debug|Any CPU
		{F8AA9B0F-5475-4A67-8C52-CFCB3DABAFBD}.Debug|x64.Build.0 = Debug|Any CPU
		{F8AA9B0F-5475-4A67-8C52-CFCB3DABAFBD}.Debug|x86.ActiveCfg = Debug|Any CPU
		{F8AA9B0F-5475-4A67-8C52-CFCB3DABAFBD}.Debug|x86.Build.0 = Debug|Any CPU
		{F8AA9B0F-5475-4A67-8C52-CFCB3DABAFBD}.Release|Any CPU.ActiveCfg = Release|Any CPU
		{F8AA9B0F-5475-4A67-8C52-CFCB3DABAFBD}.Release|Any CPU.Build.0 = Release|Any CPU
		{F8AA9B0F-5475-4A67-8C52-CFCB3DABAFBD}.Release|x64.ActiveCfg = Release|Any CPU
		{F8AA9B0F-5475-4A67-8C52-CFCB3DABAFBD}.Release|x64.Build.0 = Release|Any CPU
		{F8AA9B0F-5475-4A67-8C52-CFCB3DABAFBD}.Release|x86.ActiveCfg = Release|Any CPU
		{F8AA9B0F-5475-4A67-8C52-CFCB3DABAFBD}.Release|x86.Build.0 = Release|Any CPU
		{C8AB46AF-0AE3-431E-982B-158D4832BB67}.Debug|Any CPU.ActiveCfg = Debug|Any CPU
		{C8AB46AF-0AE3-431E-982B-158D4832BB67}.Debug|Any CPU.Build.0 = Debug|Any CPU
		{C8AB46AF-0AE3-431E-982B-158D4832BB67}.Debug|x64.ActiveCfg = Debug|Any CPU
		{C8AB46AF-0AE3-431E-982B-158D4832BB67}.Debug|x64.Build.0 = Debug|Any CPU
		{C8AB46AF-0AE3-431E-982B-158D4832BB67}.Debug|x86.ActiveCfg = Debug|Any CPU
		{C8AB46AF-0AE3-431E-982B-158D4832BB67}.Debug|x86.Build.0 = Debug|Any CPU
		{C8AB46AF-0AE3-431E-982B-158D4832BB67}.Release|Any CPU.ActiveCfg = Release|Any CPU
		{C8AB46AF-0AE3-431E-982B-158D4832BB67}.Release|Any CPU.Build.0 = Release|Any CPU
		{C8AB46AF-0AE3-431E-982B-158D4832BB67}.Release|x64.ActiveCfg = Release|Any CPU
		{C8AB46AF-0AE3-431E-982B-158D4832BB67}.Release|x64.Build.0 = Release|Any CPU
		{C8AB46AF-0AE3-431E-982B-158D4832BB67}.Release|x86.ActiveCfg = Release|Any CPU
		{C8AB46AF-0AE3-431E-982B-158D4832BB67}.Release|x86.Build.0 = Release|Any CPU
		{E4DFBAE2-762E-46C3-87DB-BDB361BCE0C0}.Debug|Any CPU.ActiveCfg = Debug|Any CPU
		{E4DFBAE2-762E-46C3-87DB-BDB361BCE0C0}.Debug|Any CPU.Build.0 = Debug|Any CPU
		{E4DFBAE2-762E-46C3-87DB-BDB361BCE0C0}.Debug|x64.ActiveCfg = Debug|Any CPU
		{E4DFBAE2-762E-46C3-87DB-BDB361BCE0C0}.Debug|x64.Build.0 = Debug|Any CPU
		{E4DFBAE2-762E-46C3-87DB-BDB361BCE0C0}.Debug|x86.ActiveCfg = Debug|Any CPU
		{E4DFBAE2-762E-46C3-87DB-BDB361BCE0C0}.Debug|x86.Build.0 = Debug|Any CPU
		{E4DFBAE2-762E-46C3-87DB-BDB361BCE0C0}.Release|Any CPU.ActiveCfg = Release|Any CPU
		{E4DFBAE2-762E-46C3-87DB-BDB361BCE0C0}.Release|Any CPU.Build.0 = Release|Any CPU
		{E4DFBAE2-762E-46C3-87DB-BDB361BCE0C0}.Release|x64.ActiveCfg = Release|Any CPU
		{E4DFBAE2-762E-46C3-87DB-BDB361BCE0C0}.Release|x64.Build.0 = Release|Any CPU
		{E4DFBAE2-762E-46C3-87DB-BDB361BCE0C0}.Release|x86.ActiveCfg = Release|Any CPU
		{E4DFBAE2-762E-46C3-87DB-BDB361BCE0C0}.Release|x86.Build.0 = Release|Any CPU
		{EC3C7BDA-06D5-415C-BD71-5EE15A137F50}.Debug|Any CPU.ActiveCfg = Debug|Any CPU
		{EC3C7BDA-06D5-415C-BD71-5EE15A137F50}.Debug|Any CPU.Build.0 = Debug|Any CPU
		{EC3C7BDA-06D5-415C-BD71-5EE15A137F50}.Debug|x64.ActiveCfg = Debug|Any CPU
		{EC3C7BDA-06D5-415C-BD71-5EE15A137F50}.Debug|x64.Build.0 = Debug|Any CPU
		{EC3C7BDA-06D5-415C-BD71-5EE15A137F50}.Debug|x86.ActiveCfg = Debug|Any CPU
		{EC3C7BDA-06D5-415C-BD71-5EE15A137F50}.Debug|x86.Build.0 = Debug|Any CPU
		{EC3C7BDA-06D5-415C-BD71-5EE15A137F50}.Release|Any CPU.ActiveCfg = Release|Any CPU
		{EC3C7BDA-06D5-415C-BD71-5EE15A137F50}.Release|Any CPU.Build.0 = Release|Any CPU
		{EC3C7BDA-06D5-415C-BD71-5EE15A137F50}.Release|x64.ActiveCfg = Release|Any CPU
		{EC3C7BDA-06D5-415C-BD71-5EE15A137F50}.Release|x64.Build.0 = Release|Any CPU
		{EC3C7BDA-06D5-415C-BD71-5EE15A137F50}.Release|x86.ActiveCfg = Release|Any CPU
		{EC3C7BDA-06D5-415C-BD71-5EE15A137F50}.Release|x86.Build.0 = Release|Any CPU
		{607CC872-E313-48DF-A320-18D6D5279768}.Debug|Any CPU.ActiveCfg = Debug|Any CPU
		{607CC872-E313-48DF-A320-18D6D5279768}.Debug|Any CPU.Build.0 = Debug|Any CPU
		{607CC872-E313-48DF-A320-18D6D5279768}.Debug|x64.ActiveCfg = Debug|Any CPU
		{607CC872-E313-48DF-A320-18D6D5279768}.Debug|x64.Build.0 = Debug|Any CPU
		{607CC872-E313-48DF-A320-18D6D5279768}.Debug|x86.ActiveCfg = Debug|Any CPU
		{607CC872-E313-48DF-A320-18D6D5279768}.Debug|x86.Build.0 = Debug|Any CPU
		{607CC872-E313-48DF-A320-18D6D5279768}.Release|Any CPU.ActiveCfg = Release|Any CPU
		{607CC872-E313-48DF-A320-18D6D5279768}.Release|Any CPU.Build.0 = Release|Any CPU
		{607CC872-E313-48DF-A320-18D6D5279768}.Release|x64.ActiveCfg = Release|Any CPU
		{607CC872-E313-48DF-A320-18D6D5279768}.Release|x64.Build.0 = Release|Any CPU
		{607CC872-E313-48DF-A320-18D6D5279768}.Release|x86.ActiveCfg = Release|Any CPU
		{607CC872-E313-48DF-A320-18D6D5279768}.Release|x86.Build.0 = Release|Any CPU
	EndGlobalSection
	GlobalSection(SolutionProperties) = preSolution
		HideSolutionNode = FALSE
	EndGlobalSection
	GlobalSection(NestedProjects) = preSolution
		{3296FA13-F6AA-4071-A3C8-DD0D87403008} = {827E0CD3-B72D-47B6-A68D-7590B98EB39B}
		{D29FF42E-F4DA-40BB-A8CC-1133285ADA5E} = {827E0CD3-B72D-47B6-A68D-7590B98EB39B}
		{9001E28B-CBA8-4512-9669-C6A82DC50C1E} = {827E0CD3-B72D-47B6-A68D-7590B98EB39B}
		{1EBBE535-D508-461D-ACBF-0575076D1334} = {827E0CD3-B72D-47B6-A68D-7590B98EB39B}
		{06F7CDEC-3DDB-445E-BA2F-C24DC5F6EE3F} = {827E0CD3-B72D-47B6-A68D-7590B98EB39B}
		{767AE31B-3EBF-4AAC-8D01-8958E2280B20} = {827E0CD3-B72D-47B6-A68D-7590B98EB39B}
		{F8AA9B0F-5475-4A67-8C52-CFCB3DABAFBD} = {0AB3BF05-4346-4AA6-1389-037BE0695223}
		{C8AB46AF-0AE3-431E-982B-158D4832BB67} = {0AB3BF05-4346-4AA6-1389-037BE0695223}
		{E4DFBAE2-762E-46C3-87DB-BDB361BCE0C0} = {0AB3BF05-4346-4AA6-1389-037BE0695223}
		{EC3C7BDA-06D5-415C-BD71-5EE15A137F50} = {0AB3BF05-4346-4AA6-1389-037BE0695223}
		{607CC872-E313-48DF-A320-18D6D5279768} = {0AB3BF05-4346-4AA6-1389-037BE0695223}
	EndGlobalSection
EndGlobal
